
Microsoft Visual Studio Solution File, Format Version 12.00
Project("{FAE04EC0-301F-11D3-BF4B-00C04F79EFBC}") = "AuraDecor.APIs", "AuraDecor.APIs\AuraDecor.APIs.csproj", "{6C143CBA-63C5-42D2-9F88-018EFDFA7D0C}"
EndProject
Project("{FAE04EC0-301F-11D3-BF4B-00C04F79EFBC}") = "AuraDecor.Core", "AuraDecor.Core\AuraDecor.Core.csproj", "{E6AAD53D-9AF7-45C9-860D-24385EFAD0FA}"
EndProject
Project("{FAE04EC0-301F-11D3-BF4B-00C04F79EFBC}") = "AuraDecor.Repository", "AuraDecor.Repository\AuraDecor.Repository.csproj", "{921C357E-4985-49F4-A6B3-F520D9190F9C}"
EndProject
Project("{FAE04EC0-301F-11D3-BF4B-00C04F79EFBC}") = "AuraDecor.Services", "AuraDecor.Services\AuraDecor.Services.csproj", "{61BFAE75-3E4B-4A19-A415-61F39C16F5DD}"
EndProject
Global
	GlobalSection(SolutionConfigurationPlatforms) = preSolution
		Debug|Any CPU = Debug|Any CPU
		Release|Any CPU = Release|Any CPU
	EndGlobalSection
	GlobalSection(ProjectConfigurationPlatforms) = postSolution
		{6C143CBA-63C5-42D2-9F88-018EFDFA7D0C}.Debug|Any CPU.ActiveCfg = Debug|Any CPU
		{6C143CBA-63C5-42D2-9F88-018EFDFA7D0C}.Debug|Any CPU.Build.0 = Debug|Any CPU
		{6C143CBA-63C5-42D2-9F88-018EFDFA7D0C}.Release|Any CPU.ActiveCfg = Release|Any CPU
		{6C143CBA-63C5-42D2-9F88-018EFDFA7D0C}.Release|Any CPU.Build.0 = Release|Any CPU
		{E6AAD53D-9AF7-45C9-860D-24385EFAD0FA}.Debug|Any CPU.ActiveCfg = Debug|Any CPU
		{E6AAD53D-9AF7-45C9-860D-24385EFAD0FA}.Debug|Any CPU.Build.0 = Debug|Any CPU
		{E6AAD53D-9AF7-45C9-860D-24385EFAD0FA}.Release|Any CPU.ActiveCfg = Release|Any CPU
		{E6AAD53D-9AF7-45C9-860D-24385EFAD0FA}.Release|Any CPU.Build.0 = Release|Any CPU
		{921C357E-4985-49F4-A6B3-F520D9190F9C}.Debug|Any CPU.ActiveCfg = Debug|Any CPU
		{921C357E-4985-49F4-A6B3-F520D9190F9C}.Debug|Any CPU.Build.0 = Debug|Any CPU
		{921C357E-4985-49F4-A6B3-F520D9190F9C}.Release|Any CPU.ActiveCfg = Release|Any CPU
		{921C357E-4985-49F4-A6B3-F520D9190F9C}.Release|Any CPU.Build.0 = Release|Any CPU
		{61BFAE75-3E4B-4A19-A415-61F39C16F5DD}.Debug|Any CPU.ActiveCfg = Debug|Any CPU
		{61BFAE75-3E4B-4A19-A415-61F39C16F5DD}.Debug|Any CPU.Build.0 = Debug|Any CPU
		{61BFAE75-3E4B-4A19-A415-61F39C16F5DD}.Release|Any CPU.ActiveCfg = Release|Any CPU
		{61BFAE75-3E4B-4A19-A415-61F39C16F5DD}.Release|Any CPU.Build.0 = Release|Any CPU
	EndGlobalSection
EndGlobal
